
Microsoft Visual Studio Solution File, Format Version 12.00
Project("{FAE04EC0-301F-11D3-BF4B-00C04F79EFBC}") = "Werter.Rascunhos.ComLitJwt", "Werter.Rascunhos.ComLitJwt\Werter.Rascunhos.ComLitJwt.csproj", "{641D45C3-2812-4271-9449-DEF6D84EAE00}"
EndProject
Project("{FAE04EC0-301F-11D3-BF4B-00C04F79EFBC}") = "Werter.Rascunhos.Compartilhado", "Werter.Rascunhos.Compartilhado\Werter.Rascunhos.Compartilhado.csproj", "{224DE674-04BC-4330-80F5-09F6CB953E04}"
EndProject
Global
	GlobalSection(SolutionConfigurationPlatforms) = preSolution
		Debug|Any CPU = Debug|Any CPU
		Release|Any CPU = Release|Any CPU
	EndGlobalSection
	GlobalSection(ProjectConfigurationPlatforms) = postSolution
		{641D45C3-2812-4271-9449-DEF6D84EAE00}.Debug|Any CPU.ActiveCfg = Debug|Any CPU
		{641D45C3-2812-4271-9449-DEF6D84EAE00}.Debug|Any CPU.Build.0 = Debug|Any CPU
		{641D45C3-2812-4271-9449-DEF6D84EAE00}.Release|Any CPU.ActiveCfg = Release|Any CPU
		{641D45C3-2812-4271-9449-DEF6D84EAE00}.Release|Any CPU.Build.0 = Release|Any CPU
		{224DE674-04BC-4330-80F5-09F6CB953E04}.Debug|Any CPU.ActiveCfg = Debug|Any CPU
		{224DE674-04BC-4330-80F5-09F6CB953E04}.Debug|Any CPU.Build.0 = Debug|Any CPU
		{224DE674-04BC-4330-80F5-09F6CB953E04}.Release|Any CPU.ActiveCfg = Release|Any CPU
		{224DE674-04BC-4330-80F5-09F6CB953E04}.Release|Any CPU.Build.0 = Release|Any CPU
	EndGlobalSection
EndGlobal
